{
  "nodes": {
    "beam": {
      "flake": false,
      "locked": {
        "lastModified": 1718812421,
        "narHash": "sha256-MP0vDF/MzvcVnwMFbaVkssm+KvyYPvzqhUSdMCVc3Dc=",
        "owner": "connorfeeley",
        "repo": "beam",
        "rev": "b09d6e543f9e53de5ebbb8f5c075e8b76a63d155",
        "type": "github"
      },
      "original": {
        "owner": "connorfeeley",
        "ref": "feat/insert-only-on-conflict",
        "repo": "beam",
        "type": "github"
      }
    },
    "flake-compat": {
      "flake": false,
      "locked": {
        "lastModified": 1696426674,
        "narHash": "sha256-kvjfFW7WAETZlt09AgDn1MrtKzP7t90Vf7vypd3OL1U=",
        "owner": "edolstra",
        "repo": "flake-compat",
        "rev": "0f9255e01c2351cc7d116c072cb317785dd33b33",
        "type": "github"
      },
      "original": {
        "owner": "edolstra",
        "repo": "flake-compat",
        "type": "github"
      }
    },
    "flake-parts": {
      "inputs": {
        "nixpkgs-lib": "nixpkgs-lib"
      },
      "locked": {
        "lastModified": 1717285511,
        "narHash": "sha256-iKzJcpdXih14qYVcZ9QC9XuZYnPc6T8YImb6dX166kw=",
        "owner": "hercules-ci",
        "repo": "flake-parts",
        "rev": "2a55567fcf15b1b1c7ed712a2c6fadaec7412ea8",
        "type": "github"
      },
      "original": {
        "owner": "hercules-ci",
        "repo": "flake-parts",
        "type": "github"
      }
    },
    "flake-root": {
      "locked": {
        "lastModified": 1713493429,
        "narHash": "sha256-ztz8JQkI08tjKnsTpfLqzWoKFQF4JGu2LRz8bkdnYUk=",
        "owner": "srid",
        "repo": "flake-root",
        "rev": "bc748b93b86ee76e2032eecda33440ceb2532fcd",
        "type": "github"
      },
      "original": {
        "owner": "srid",
        "repo": "flake-root",
        "type": "github"
      }
    },
    "haskell-flake": {
      "locked": {
        "lastModified": 1718653460,
        "narHash": "sha256-8ana22BZaLp91gGvQq8YbfteJKFqza4qrqc6++bCnH4=",
        "owner": "srid",
        "repo": "haskell-flake",
        "rev": "569e28636c1aaee767a43741511fb36a6d3c284b",
        "type": "github"
      },
      "original": {
        "owner": "srid",
        "repo": "haskell-flake",
        "type": "github"
      }
    },
    "nixpkgs": {
      "locked": {
        "lastModified": 1718606988,
        "narHash": "sha256-pmjP5ePc1jz+Okona3HxD7AYT0wbrCwm9bXAlj08nDM=",
        "owner": "NixOS",
        "repo": "nixpkgs",
        "rev": "38d3352a65ac9d621b0cd3074d3bef27199ff78f",
        "type": "github"
      },
      "original": {
        "owner": "NixOS",
        "ref": "nixpkgs-unstable",
        "repo": "nixpkgs",
        "type": "github"
      }
    },
    "nixpkgs-index-advisor": {
      "locked": {
        "lastModified": 1713633398,
        "narHash": "sha256-H+aka4QOmt2QvJDAnhSsmgGS50YV0K6AKpMDsDMCYBs=",
        "owner": "connorfeeley",
        "repo": "nixpkgs",
        "rev": "2b188b3a6e061f95925af7e2cea7027c14948105",
        "type": "github"
      },
      "original": {
        "owner": "connorfeeley",
        "ref": "feat/pg-index-advisor",
        "repo": "nixpkgs",
        "type": "github"
      }
    },
    "nixpkgs-lib": {
      "locked": {
        "lastModified": 1717284937,
        "narHash": "sha256-lIbdfCsf8LMFloheeE6N31+BMIeixqyQWbSr2vk79EQ=",
        "type": "tarball",
        "url": "https://github.com/NixOS/nixpkgs/archive/eb9ceca17df2ea50a250b6b27f7bf6ab0186f198.tar.gz"
      },
      "original": {
        "type": "tarball",
        "url": "https://github.com/NixOS/nixpkgs/archive/eb9ceca17df2ea50a250b6b27f7bf6ab0186f198.tar.gz"
      }
    },
    "nixpkgs_2": {
      "locked": {
        "lastModified": 1708475490,
        "narHash": "sha256-g1v0TsWBQPX97ziznfJdWhgMyMGtoBFs102xSYO4syU=",
        "owner": "nixos",
        "repo": "nixpkgs",
        "rev": "0e74ca98a74bc7270d28838369593635a5db3260",
        "type": "github"
      },
      "original": {
        "owner": "nixos",
        "ref": "nixos-unstable",
        "repo": "nixpkgs",
        "type": "github"
      }
    },
    "root": {
      "inputs": {
        "beam": "beam",
        "flake-compat": "flake-compat",
        "flake-parts": "flake-parts",
        "flake-root": "flake-root",
        "haskell-flake": "haskell-flake",
        "nixpkgs": "nixpkgs",
        "nixpkgs-index-advisor": "nixpkgs-index-advisor",
        "tmp-postgres": "tmp-postgres",
        "treefmt-nix": "treefmt-nix"
      }
    },
    "tmp-postgres": {
      "flake": false,
      "locked": {
        "lastModified": 1691516008,
        "narHash": "sha256-dE1OQN7I4Lxy6RBdLCvm75Z9D/Hu+9G4ejV2pEtvL1A=",
        "owner": "jfischoff",
        "repo": "tmp-postgres",
        "rev": "7f2467a6d6d5f6db7eed59919a6773fe006cf22b",
        "type": "github"
      },
      "original": {
        "owner": "jfischoff",
        "repo": "tmp-postgres",
        "type": "github"
      }
    },
    "treefmt-nix": {
      "inputs": {
        "nixpkgs": "nixpkgs_2"
      },
      "locked": {
        "lastModified": 1718522839,
        "narHash": "sha256-ULzoKzEaBOiLRtjeY3YoGFJMwWSKRYOic6VNw2UyTls=",
        "owner": "numtide",
        "repo": "treefmt-nix",
        "rev": "68eb1dc333ce82d0ab0c0357363ea17c31ea1f81",
        "type": "github"
      },
      "original": {
        "owner": "numtide",
        "repo": "treefmt-nix",
        "type": "github"
      }
    }
  },
  "root": "root",
  "version": 7
}
